[[package]]
name = "absl-py"
version = "1.1.0"
description = "Abseil Python Common Libraries, see https://github.com/abseil/abseil-py."
category = "main"
optional = false
python-versions = ">=3.6"

[[package]]
name = "aiohttp"
version = "3.8.1"
description = "Async http client/server framework (asyncio)"
category = "main"
optional = false
python-versions = ">=3.6"

[package.dependencies]
aiosignal = ">=1.1.2"
async-timeout = ">=4.0.0a3,<5.0"
asynctest = {version = "0.13.0", markers = "python_version < \"3.8\""}
attrs = ">=17.3.0"
charset-normalizer = ">=2.0,<3.0"
frozenlist = ">=1.1.1"
multidict = ">=4.5,<7.0"
typing-extensions = {version = ">=3.7.4", markers = "python_version < \"3.8\""}
yarl = ">=1.0,<2.0"

[package.extras]
speedups = ["aiodns", "brotli", "cchardet"]

[[package]]
name = "aiosignal"
version = "1.2.0"
description = "aiosignal: a list of registered asynchronous callbacks"
category = "main"
optional = false
python-versions = ">=3.6"

[package.dependencies]
frozenlist = ">=1.1.0"

[[package]]
name = "antlr4-python3-runtime"
version = "4.9.3"
description = "ANTLR 4.9.3 runtime for Python 3.7"
category = "main"
optional = false
python-versions = "*"

[[package]]
name = "async-timeout"
version = "4.0.2"
description = "Timeout context manager for asyncio programs"
category = "main"
optional = false
python-versions = ">=3.6"

[package.dependencies]
typing-extensions = {version = ">=3.6.5", markers = "python_version < \"3.8\""}

[[package]]
name = "asynctest"
version = "0.13.0"
description = "Enhance the standard unittest package with features for testing asyncio libraries"
category = "main"
optional = false
python-versions = ">=3.5"

[[package]]
name = "attrs"
version = "21.4.0"
description = "Classes Without Boilerplate"
category = "main"
optional = false
python-versions = ">=2.7, !=3.0.*, !=3.1.*, !=3.2.*, !=3.3.*, !=3.4.*"

[package.extras]
dev = ["coverage[toml] (>=5.0.2)", "hypothesis", "pympler", "pytest (>=4.3.0)", "six", "mypy", "pytest-mypy-plugins", "zope-interface", "furo", "sphinx", "sphinx-notfound-page", "pre-commit", "cloudpickle"]
docs = ["furo", "sphinx", "zope-interface", "sphinx-notfound-page"]
tests = ["coverage[toml] (>=5.0.2)", "hypothesis", "pympler", "pytest (>=4.3.0)", "six", "mypy", "pytest-mypy-plugins", "zope-interface", "cloudpickle"]
tests_no_zope = ["coverage[toml] (>=5.0.2)", "hypothesis", "pympler", "pytest (>=4.3.0)", "six", "mypy", "pytest-mypy-plugins", "cloudpickle"]

[[package]]
name = "cachetools"
version = "5.2.0"
description = "Extensible memoizing collections and decorators"
category = "main"
optional = false
python-versions = "~=3.7"

[[package]]
name = "certifi"
version = "2022.6.15"
description = "Python package for providing Mozilla's CA Bundle."
category = "main"
optional = false
python-versions = ">=3.6"

[[package]]
name = "charset-normalizer"
version = "2.1.0"
description = "The Real First Universal Charset Detector. Open, modern and actively maintained alternative to Chardet."
category = "main"
optional = false
python-versions = ">=3.6.0"

[package.extras]
unicode_backport = ["unicodedata2"]

[[package]]
name = "click"
version = "8.1.3"
description = "Composable command line interface toolkit"
category = "main"
optional = false
python-versions = ">=3.7"

[package.dependencies]
colorama = {version = "*", markers = "platform_system == \"Windows\""}
importlib-metadata = {version = "*", markers = "python_version < \"3.8\""}

[[package]]
name = "colorama"
version = "0.4.5"
description = "Cross-platform colored terminal text."
category = "main"
optional = false
python-versions = ">=2.7, !=3.0.*, !=3.1.*, !=3.2.*, !=3.3.*, !=3.4.*"

[[package]]
name = "docker-pycreds"
version = "0.4.0"
description = "Python bindings for the docker credentials store API"
category = "main"
optional = false
python-versions = "*"

[package.dependencies]
six = ">=1.4.0"

[[package]]
name = "frozenlist"
version = "1.3.0"
description = "A list-like structure which implements collections.abc.MutableSequence"
category = "main"
optional = false
python-versions = ">=3.7"

[[package]]
name = "fsspec"
version = "2022.5.0"
description = "File-system specification"
category = "main"
optional = false
python-versions = ">=3.7"

[package.dependencies]
aiohttp = {version = "*", optional = true, markers = "extra == \"http\""}
requests = {version = "*", optional = true, markers = "extra == \"http\""}

[package.extras]
abfs = ["adlfs"]
adl = ["adlfs"]
arrow = ["pyarrow (>=1)"]
dask = ["dask", "distributed"]
dropbox = ["dropboxdrivefs", "requests", "dropbox"]
entrypoints = ["importlib-metadata"]
fuse = ["fusepy"]
gcs = ["gcsfs"]
git = ["pygit2"]
github = ["requests"]
gs = ["gcsfs"]
gui = ["panel"]
hdfs = ["pyarrow (>=1)"]
http = ["requests", "aiohttp"]
libarchive = ["libarchive-c"]
oci = ["ocifs"]
s3 = ["s3fs"]
sftp = ["paramiko"]
smb = ["smbprotocol"]
ssh = ["paramiko"]
tqdm = ["tqdm"]

[[package]]
name = "gitdb"
version = "4.0.9"
description = "Git Object Database"
category = "main"
optional = false
python-versions = ">=3.6"

[package.dependencies]
smmap = ">=3.0.1,<6"

[[package]]
name = "gitpython"
version = "3.1.27"
description = "GitPython is a python library used to interact with Git repositories"
category = "main"
optional = false
python-versions = ">=3.7"

[package.dependencies]
gitdb = ">=4.0.1,<5"
typing-extensions = {version = ">=3.7.4.3", markers = "python_version < \"3.8\""}

[[package]]
name = "google-auth"
version = "2.9.0"
description = "Google Authentication Library"
category = "main"
optional = false
python-versions = ">=2.7,!=3.0.*,!=3.1.*,!=3.2.*,!=3.3.*,!=3.4.*,!=3.5.*"

[package.dependencies]
cachetools = ">=2.0.0,<6.0"
pyasn1-modules = ">=0.2.1"
rsa = {version = ">=3.1.4,<5", markers = "python_version >= \"3.6\""}
six = ">=1.9.0"

[package.extras]
aiohttp = ["requests (>=2.20.0,<3.0.0dev)", "aiohttp (>=3.6.2,<4.0.0dev)"]
enterprise_cert = ["cryptography (==36.0.2)", "pyopenssl (==22.0.0)"]
pyopenssl = ["pyopenssl (>=20.0.0)"]
reauth = ["pyu2f (>=0.1.5)"]

[[package]]
name = "google-auth-oauthlib"
version = "0.4.6"
description = "Google Authentication Library"
category = "main"
optional = false
python-versions = ">=3.6"

[package.dependencies]
google-auth = ">=1.0.0"
requests-oauthlib = ">=0.7.0"

[package.extras]
tool = ["click (>=6.0.0)"]

[[package]]
name = "grpcio"
version = "1.47.0"
description = "HTTP/2-based RPC framework"
category = "main"
optional = false
python-versions = ">=3.6"

[package.dependencies]
six = ">=1.5.2"

[package.extras]
protobuf = ["grpcio-tools (>=1.47.0)"]

[[package]]
name = "hydra-core"
version = "1.2.0"
description = "A framework for elegantly configuring complex applications"
category = "main"
optional = false
python-versions = "*"

[package.dependencies]
antlr4-python3-runtime = ">=4.9.0,<4.10.0"
importlib-resources = {version = "*", markers = "python_version < \"3.9\""}
omegaconf = ">=2.2,<3.0"
packaging = "*"

[[package]]
name = "idna"
version = "3.3"
description = "Internationalized Domain Names in Applications (IDNA)"
category = "main"
optional = false
python-versions = ">=3.5"

[[package]]
name = "importlib-metadata"
version = "4.12.0"
description = "Read metadata from Python packages"
category = "main"
optional = false
python-versions = ">=3.7"

[package.dependencies]
typing-extensions = {version = ">=3.6.4", markers = "python_version < \"3.8\""}
zipp = ">=0.5"

[package.extras]
docs = ["sphinx", "jaraco.packaging (>=9)", "rst.linker (>=1.9)"]
perf = ["ipython"]
testing = ["pytest (>=6)", "pytest-checkdocs (>=2.4)", "pytest-flake8", "pytest-cov", "pytest-enabler (>=1.3)", "packaging", "pyfakefs", "flufl-flake8", "pytest-perf (>=0.9.2)", "pytest-black (>=0.3.7)", "pytest-mypy (>=0.9.1)", "importlib-resources (>=1.3)"]

[[package]]
name = "importlib-resources"
version = "5.8.0"
description = "Read resources from Python packages"
category = "main"
optional = false
python-versions = ">=3.7"

[package.dependencies]
zipp = {version = ">=3.1.0", markers = "python_version < \"3.10\""}

[package.extras]
docs = ["sphinx", "jaraco.packaging (>=9)", "rst.linker (>=1.9)"]
testing = ["pytest (>=6)", "pytest-checkdocs (>=2.4)", "pytest-flake8", "pytest-cov", "pytest-enabler (>=1.0.1)", "pytest-black (>=0.3.7)", "pytest-mypy (>=0.9.1)"]

[[package]]
name = "markdown"
version = "3.3.7"
description = "Python implementation of Markdown."
category = "main"
optional = false
python-versions = ">=3.6"

[package.dependencies]
importlib-metadata = {version = ">=4.4", markers = "python_version < \"3.10\""}

[package.extras]
testing = ["coverage", "pyyaml"]

[[package]]
name = "multidict"
version = "6.0.2"
description = "multidict implementation"
category = "main"
optional = false
python-versions = ">=3.7"

[[package]]
name = "numpy"
version = "1.21.1"
description = "NumPy is the fundamental package for array computing with Python."
category = "main"
optional = false
python-versions = ">=3.7"

[[package]]
name = "oauthlib"
version = "3.2.0"
description = "A generic, spec-compliant, thorough implementation of the OAuth request-signing logic"
category = "main"
optional = false
python-versions = ">=3.6"

[package.extras]
rsa = ["cryptography (>=3.0.0)"]
signals = ["blinker (>=1.4.0)"]
signedtoken = ["cryptography (>=3.0.0)", "pyjwt (>=2.0.0,<3)"]

[[package]]
name = "omegaconf"
version = "2.2.2"
description = "A flexible configuration library"
category = "main"
optional = false
python-versions = ">=3.6"

[package.dependencies]
antlr4-python3-runtime = ">=4.9.0,<4.10.0"
PyYAML = ">=5.1.0"

[[package]]
name = "packaging"
version = "21.3"
description = "Core utilities for Python packages"
category = "main"
optional = false
python-versions = ">=3.6"

[package.dependencies]
pyparsing = ">=2.0.2,<3.0.5 || >3.0.5"

[[package]]
name = "pathtools"
version = "0.1.2"
description = "File system general utilities"
category = "main"
optional = false
python-versions = "*"

[[package]]
name = "promise"
version = "2.3"
description = "Promises/A+ implementation for Python"
category = "main"
optional = false
python-versions = "*"

[package.dependencies]
six = "*"

[package.extras]
test = ["pytest (>=2.7.3)", "pytest-cov", "coveralls", "futures", "pytest-benchmark", "mock"]

[[package]]
name = "protobuf"
version = "3.19.4"
description = "Protocol Buffers"
category = "main"
optional = false
python-versions = ">=3.5"

[[package]]
name = "psutil"
version = "5.9.1"
description = "Cross-platform lib for process and system monitoring in Python."
category = "main"
optional = false
python-versions = ">=2.7, !=3.0.*, !=3.1.*, !=3.2.*, !=3.3.*"

[package.extras]
test = ["ipaddress", "mock", "enum34", "pywin32", "wmi"]

[[package]]
name = "pyasn1"
version = "0.4.8"
description = "ASN.1 types and codecs"
category = "main"
optional = false
python-versions = "*"

[[package]]
name = "pyasn1-modules"
version = "0.2.8"
description = "A collection of ASN.1-based protocols modules."
category = "main"
optional = false
python-versions = "*"

[package.dependencies]
pyasn1 = ">=0.4.6,<0.5.0"

[[package]]
name = "pydeprecate"
version = "0.3.2"
description = "Deprecation tooling"
category = "main"
optional = false
python-versions = ">=3.6"

[[package]]
name = "pyparsing"
version = "3.0.9"
description = "pyparsing module - Classes and methods to define and execute parsing grammars"
category = "main"
optional = false
python-versions = ">=3.6.8"

[package.extras]
diagrams = ["railroad-diagrams", "jinja2"]

[[package]]
name = "pytorch-lightning"
version = "1.6.4"
description = "PyTorch Lightning is the lightweight PyTorch wrapper for ML researchers. Scale your models. Write less boilerplate."
category = "main"
optional = false
python-versions = ">=3.7"

[package.dependencies]
fsspec = {version = ">=2021.05.0,<2021.06.0 || >2021.06.0", extras = ["http"]}
numpy = ">=1.17.2"
packaging = ">=17.0"
protobuf = "<=3.20.1"
pyDeprecate = ">=0.3.1"
PyYAML = ">=5.4"
tensorboard = ">=2.2.0"
torch = ">=1.8"
torchmetrics = ">=0.4.1"
tqdm = ">=4.57.0"
typing-extensions = ">=4.0.0"

[package.extras]
all = ["matplotlib (>3.1)", "torchtext (>=0.9)", "omegaconf (>=2.0.5)", "hydra-core (>=1.0.5)", "jsonargparse[signatures] (>=4.7.1)", "gcsfs (>=2021.5.0)", "rich (>=10.2.2,!=10.15.*)", "neptune-client (>=0.10.0)", "comet-ml (>=3.1.12)", "mlflow (>=1.0.0)", "test-tube (>=0.7.5)", "wandb (>=0.8.21)", "coverage (>=6.4)", "codecov (>=2.1)", "pytest (>=6.0)", "pytest-rerunfailures (>=10.2)", "mypy (>=0.920)", "flake8 (>=3.9.2)", "pre-commit (>=1.0)", "pytest-forked", "cloudpickle (>=1.3)", "scikit-learn (>0.22.1)", "onnxruntime", "pandas", "torchvision (>=0.9)", "gym[classic_control] (>=0.17.0)", "ipython", "fairscale (>=0.4.5)", "deepspeed", "horovod (>=0.21.2,!=0.24.0)", "hivemind (>=1.0.1)"]
deepspeed = ["deepspeed"]
dev = ["matplotlib (>3.1)", "torchtext (>=0.9)", "omegaconf (>=2.0.5)", "hydra-core (>=1.0.5)", "jsonargparse[signatures] (>=4.7.1)", "gcsfs (>=2021.5.0)", "rich (>=10.2.2,!=10.15.*)", "neptune-client (>=0.10.0)", "comet-ml (>=3.1.12)", "mlflow (>=1.0.0)", "test-tube (>=0.7.5)", "wandb (>=0.8.21)", "coverage (>=6.4)", "codecov (>=2.1)", "pytest (>=6.0)", "pytest-rerunfailures (>=10.2)", "mypy (>=0.920)", "flake8 (>=3.9.2)", "pre-commit (>=1.0)", "pytest-forked", "cloudpickle (>=1.3)", "scikit-learn (>0.22.1)", "onnxruntime", "pandas"]
examples = ["torchvision (>=0.9)", "gym[classic_control] (>=0.17.0)", "ipython"]
extra = ["matplotlib (>3.1)", "torchtext (>=0.9)", "omegaconf (>=2.0.5)", "hydra-core (>=1.0.5)", "jsonargparse[signatures] (>=4.7.1)", "gcsfs (>=2021.5.0)", "rich (>=10.2.2,!=10.15.*)"]
fairscale = ["fairscale (>=0.4.5)"]
hivemind = ["hivemind (>=1.0.1)"]
horovod = ["horovod (>=0.21.2,!=0.24.0)"]
loggers = ["neptune-client (>=0.10.0)", "comet-ml (>=3.1.12)", "mlflow (>=1.0.0)", "test-tube (>=0.7.5)", "wandb (>=0.8.21)"]
strategies = ["fairscale (>=0.4.5)", "deepspeed", "horovod (>=0.21.2,!=0.24.0)", "hivemind (>=1.0.1)"]
test = ["coverage (>=6.4)", "codecov (>=2.1)", "pytest (>=6.0)", "pytest-rerunfailures (>=10.2)", "mypy (>=0.920)", "flake8 (>=3.9.2)", "pre-commit (>=1.0)", "pytest-forked", "cloudpickle (>=1.3)", "scikit-learn (>0.22.1)", "onnxruntime", "pandas"]

[[package]]
name = "pyyaml"
version = "6.0"
description = "YAML parser and emitter for Python"
category = "main"
optional = false
python-versions = ">=3.6"

[[package]]
name = "requests"
version = "2.28.1"
description = "Python HTTP for Humans."
category = "main"
optional = false
python-versions = ">=3.7, <4"

[package.dependencies]
certifi = ">=2017.4.17"
charset-normalizer = ">=2,<3"
idna = ">=2.5,<4"
urllib3 = ">=1.21.1,<1.27"

[package.extras]
socks = ["PySocks (>=1.5.6,!=1.5.7)"]
use_chardet_on_py3 = ["chardet (>=3.0.2,<6)"]

[[package]]
name = "requests-oauthlib"
version = "1.3.1"
description = "OAuthlib authentication support for Requests."
category = "main"
optional = false
python-versions = ">=2.7, !=3.0.*, !=3.1.*, !=3.2.*, !=3.3.*"

[package.dependencies]
oauthlib = ">=3.0.0"
requests = ">=2.0.0"

[package.extras]
rsa = ["oauthlib[signedtoken] (>=3.0.0)"]

[[package]]
name = "rsa"
version = "4.8"
description = "Pure-Python RSA implementation"
category = "main"
optional = false
python-versions = ">=3.6,<4"

[package.dependencies]
pyasn1 = ">=0.1.3"

[[package]]
name = "sentry-sdk"
version = "1.7.0"
description = "Python client for Sentry (https://sentry.io)"
category = "main"
optional = false
python-versions = "*"

[package.dependencies]
certifi = "*"
urllib3 = ">=1.10.0"

[package.extras]
aiohttp = ["aiohttp (>=3.5)"]
beam = ["apache-beam (>=2.12)"]
bottle = ["bottle (>=0.12.13)"]
celery = ["celery (>=3)"]
chalice = ["chalice (>=1.16.0)"]
django = ["django (>=1.8)"]
falcon = ["falcon (>=1.4)"]
flask = ["flask (>=0.11)", "blinker (>=1.1)"]
httpx = ["httpx (>=0.16.0)"]
pure_eval = ["pure-eval", "executing", "asttokens"]
pyspark = ["pyspark (>=2.4.4)"]
quart = ["quart (>=0.16.1)", "blinker (>=1.1)"]
rq = ["rq (>=0.6)"]
sanic = ["sanic (>=0.8)"]
sqlalchemy = ["sqlalchemy (>=1.2)"]
tornado = ["tornado (>=5)"]

[[package]]
name = "setproctitle"
version = "1.2.3"
description = "A Python module to customize the process title"
category = "main"
optional = false
python-versions = ">=3.6"

[package.extras]
test = ["pytest"]

[[package]]
name = "setuptools"
version = "63.1.0"
description = "Easily download, build, install, upgrade, and uninstall Python packages"
category = "main"
optional = false
python-versions = ">=3.7"

[package.extras]
docs = ["sphinx", "jaraco.packaging (>=9)", "rst.linker (>=1.9)", "jaraco.tidelift (>=1.4)", "pygments-github-lexers (==0.0.5)", "sphinx-favicon", "sphinx-inline-tabs", "sphinx-reredirects", "sphinxcontrib-towncrier", "furo"]
testing = ["pytest (>=6)", "pytest-checkdocs (>=2.4)", "pytest-flake8", "pytest-enabler (>=1.3)", "pytest-perf", "mock", "flake8-2020", "virtualenv (>=13.0.0)", "wheel", "pip (>=19.1)", "jaraco.envs (>=2.2)", "pytest-xdist", "jaraco.path (>=3.2.0)", "build", "filelock (>=3.4.0)", "pip-run (>=8.8)", "ini2toml[lite] (>=0.9)", "tomli-w (>=1.0.0)", "pytest-black (>=0.3.7)", "pytest-cov", "pytest-mypy (>=0.9.1)"]
testing-integration = ["pytest", "pytest-xdist", "pytest-enabler", "virtualenv (>=13.0.0)", "tomli", "wheel", "jaraco.path (>=3.2.0)", "jaraco.envs (>=2.2)", "build", "filelock (>=3.4.0)"]

[[package]]
name = "shortuuid"
version = "1.0.9"
description = "A generator library for concise, unambiguous and URL-safe UUIDs."
category = "main"
optional = false
python-versions = ">=3.5"

[[package]]
name = "six"
version = "1.16.0"
description = "Python 2 and 3 compatibility utilities"
category = "main"
optional = false
python-versions = ">=2.7, !=3.0.*, !=3.1.*, !=3.2.*"

[[package]]
name = "smmap"
version = "5.0.0"
description = "A pure Python implementation of a sliding window memory map manager"
category = "main"
optional = false
python-versions = ">=3.6"

[[package]]
name = "tensorboard"
version = "2.9.1"
description = "TensorBoard lets you watch Tensors Flow"
category = "main"
optional = false
python-versions = ">=3.6"

[package.dependencies]
absl-py = ">=0.4"
google-auth = ">=1.6.3,<3"
google-auth-oauthlib = ">=0.4.1,<0.5"
grpcio = ">=1.24.3"
markdown = ">=2.6.8"
numpy = ">=1.12.0"
protobuf = ">=3.9.2,<3.20"
requests = ">=2.21.0,<3"
setuptools = ">=41.0.0"
tensorboard-data-server = ">=0.6.0,<0.7.0"
tensorboard-plugin-wit = ">=1.6.0"
werkzeug = ">=1.0.1"
wheel = ">=0.26"

[[package]]
name = "tensorboard-data-server"
version = "0.6.1"
description = "Fast data loading for TensorBoard"
category = "main"
optional = false
python-versions = ">=3.6"

[[package]]
name = "tensorboard-plugin-wit"
version = "1.8.1"
description = "What-If Tool TensorBoard plugin."
category = "main"
optional = false
python-versions = "*"

[[package]]
name = "torch"
version = "1.12.0"
description = "Tensors and Dynamic neural networks in Python with strong GPU acceleration"
category = "main"
optional = false
python-versions = ">=3.7.0"

[package.dependencies]
typing-extensions = "*"

[[package]]
name = "torchmetrics"
version = "0.9.2"
description = "PyTorch native Metrics"
category = "main"
optional = false
python-versions = ">=3.7"

[package.dependencies]
numpy = ">=1.17.2"
packaging = "*"
torch = ">=1.3.1"
typing-extensions = {version = "*", markers = "python_version < \"3.8\""}

[package.extras]
all = ["pystoi", "torchvision (>=0.8)", "pycocotools", "sphinx-copybutton (>=0.3)", "nbsphinx (>=0.8)", "docutils (>=0.16)", "sphinxcontrib-fulltoc (>=1.0)", "sphinx-paramlinks (>=0.5.1)", "sphinx-autodoc-typehints (>=1.0)", "sphinx (>=4.0,<5.0)", "myst-parser", "sphinx-togglebutton (>=0.2)", "pandoc (>=1.0)", "sphinxcontrib-mockautodoc", "torchvision", "torch-fidelity", "lpips", "scipy", "pytorch-lightning (>=1.5)", "mypy (>=0.790)", "transformers (>=4.0)", "pytorch-msssim", "scikit-image (>0.17.1)", "fast-bss-eval (>=0.1.0)", "rouge-score (>=0.0.4)", "torch-complex", "bert-score (==0.3.10)", "cloudpickle (>=1.3)", "jiwer (>=2.3.0)", "pypesq", "coverage (>5.2)", "codecov (>=2.1)", "huggingface-hub (<0.7)", "sacrebleu (>=2.0.0)", "pytest-cov (>2.10)", "psutil", "pre-commit (>=1.0)", "requests", "pytest (>=6.0.0,<7.0.0)", "twine (>=3.2)", "scikit-learn (>1.0,<1.1.1)", "pytest-doctestplus (>=0.9.0)", "pytest-timeout", "phmdoctest (>=1.1.1)", "check-manifest", "mir-eval (>=0.6)", "fire", "nltk (>=3.6)", "regex (>=2021.9.24)", "tqdm (>=4.41.0)"]
audio = ["pystoi"]
detection = ["torchvision (>=0.8)", "pycocotools"]
docs = ["sphinx-copybutton (>=0.3)", "nbsphinx (>=0.8)", "docutils (>=0.16)", "sphinxcontrib-fulltoc (>=1.0)", "sphinx-paramlinks (>=0.5.1)", "sphinx-autodoc-typehints (>=1.0)", "sphinx (>=4.0,<5.0)", "myst-parser", "sphinx-togglebutton (>=0.2)", "pandoc (>=1.0)", "sphinxcontrib-mockautodoc"]
image = ["torchvision", "torch-fidelity", "lpips", "scipy"]
integrate = ["pytorch-lightning (>=1.5)"]
test = ["mypy (>=0.790)", "transformers (>=4.0)", "pytorch-msssim", "scikit-image (>0.17.1)", "fast-bss-eval (>=0.1.0)", "pycocotools", "rouge-score (>=0.0.4)", "torch-complex", "bert-score (==0.3.10)", "cloudpickle (>=1.3)", "jiwer (>=2.3.0)", "pypesq", "coverage (>5.2)", "codecov (>=2.1)", "huggingface-hub (<0.7)", "sacrebleu (>=2.0.0)", "pytest-cov (>2.10)", "psutil", "pre-commit (>=1.0)", "requests", "pytest (>=6.0.0,<7.0.0)", "twine (>=3.2)", "scikit-learn (>1.0,<1.1.1)", "pytest-doctestplus (>=0.9.0)", "pytest-timeout", "phmdoctest (>=1.1.1)", "check-manifest", "mir-eval (>=0.6)", "fire"]
text = ["nltk (>=3.6)", "regex (>=2021.9.24)", "tqdm (>=4.41.0)"]

[[package]]
name = "tqdm"
version = "4.64.0"
description = "Fast, Extensible Progress Meter"
category = "main"
optional = false
python-versions = "!=3.0.*,!=3.1.*,!=3.2.*,!=3.3.*,>=2.7"

[package.dependencies]
colorama = {version = "*", markers = "platform_system == \"Windows\""}

[package.extras]
dev = ["py-make (>=0.1.0)", "twine", "wheel"]
notebook = ["ipywidgets (>=6)"]
slack = ["slack-sdk"]
telegram = ["requests"]

[[package]]
name = "typing-extensions"
version = "4.3.0"
description = "Backported and Experimental Type Hints for Python 3.7+"
category = "main"
optional = false
python-versions = ">=3.7"

[[package]]
name = "urllib3"
version = "1.26.10"
description = "HTTP library with thread-safe connection pooling, file post, and more."
category = "main"
optional = false
python-versions = ">=2.7, !=3.0.*, !=3.1.*, !=3.2.*, !=3.3.*, !=3.4.*, !=3.5.*, <4"

[package.extras]
brotli = ["brotlicffi (>=0.8.0)", "brotli (>=1.0.9)", "brotlipy (>=0.6.0)"]
secure = ["pyOpenSSL (>=0.14)", "cryptography (>=1.3.4)", "idna (>=2.0.0)", "certifi", "ipaddress"]
socks = ["PySocks (>=1.5.6,!=1.5.7,<2.0)"]

[[package]]
name = "wandb"
version = "0.12.21"
description = "A CLI and library for interacting with the Weights and Biases API."
category = "main"
optional = false
python-versions = ">=3.6"

[package.dependencies]
Click = ">=7.0,<8.0.0 || >8.0.0"
docker-pycreds = ">=0.4.0"
GitPython = ">=1.0.0"
pathtools = "*"
promise = ">=2.0,<3"
protobuf = ">=3.12.0,<4.0dev"
psutil = ">=5.0.0"
PyYAML = "*"
requests = ">=2.0.0,<3"
sentry-sdk = ">=1.0.0"
setproctitle = "*"
setuptools = "*"
shortuuid = ">=0.5.0"
six = ">=1.13.0"

[package.extras]
aws = ["boto3"]
azure = ["azure-storage-blob"]
gcp = ["google-cloud-storage"]
grpc = ["grpcio (>=1.27.2)"]
kubeflow = ["kubernetes", "minio", "google-cloud-storage", "sh"]
launch = ["nbconvert", "nbformat", "chardet", "iso8601", "typing-extensions", "boto3", "google-cloud-storage", "kubernetes"]
media = ["numpy", "moviepy", "pillow", "bokeh", "soundfile", "plotly", "rdkit-pypi"]
models = ["cloudpickle"]
sweeps = ["sweeps (>=0.1.0)"]

[[package]]
name = "werkzeug"
version = "2.1.2"
description = "The comprehensive WSGI web application library."
category = "main"
optional = false
python-versions = ">=3.7"

[package.extras]
watchdog = ["watchdog"]

[[package]]
name = "wheel"
version = "0.37.1"
description = "A built-package format for Python"
category = "main"
optional = false
python-versions = "!=3.0.*,!=3.1.*,!=3.2.*,!=3.3.*,!=3.4.*,>=2.7"

[package.extras]
test = ["pytest (>=3.0.0)", "pytest-cov"]

[[package]]
name = "yarl"
version = "1.7.2"
description = "Yet another URL library"
category = "main"
optional = false
python-versions = ">=3.6"

[package.dependencies]
idna = ">=2.0"
multidict = ">=4.0"
typing-extensions = {version = ">=3.7.4", markers = "python_version < \"3.8\""}

[[package]]
name = "zipp"
version = "3.8.0"
description = "Backport of pathlib-compatible object wrapper for zip files"
category = "main"
optional = false
python-versions = ">=3.7"

[package.extras]
docs = ["sphinx", "jaraco.packaging (>=9)", "rst.linker (>=1.9)"]
testing = ["pytest (>=6)", "pytest-checkdocs (>=2.4)", "pytest-flake8", "pytest-cov", "pytest-enabler (>=1.0.1)", "jaraco-itertools", "func-timeout", "pytest-black (>=0.3.7)", "pytest-mypy (>=0.9.1)"]

[metadata]
lock-version = "1.1"
python-versions = "^3.7"
content-hash = "748321b9476a107d523bf096286d6aa0f9fcc24d2b046869a406efb31786a388"

[metadata.files]
absl-py = []
aiohttp = []
aiosignal = []
antlr4-python3-runtime = []
async-timeout = []
asynctest = []
attrs = []
cachetools = []
certifi = []
charset-normalizer = []
click = []
colorama = []
docker-pycreds = []
frozenlist = []
fsspec = []
gitdb = []
gitpython = []
google-auth = []
google-auth-oauthlib = []
grpcio = []
hydra-core = []
idna = []
importlib-metadata = []
importlib-resources = []
markdown = []
multidict = []
numpy = []
oauthlib = []
omegaconf = []
packaging = []
pathtools = []
promise = []
protobuf = []
psutil = []
pyasn1 = []
pyasn1-modules = []
pydeprecate = []
pyparsing = []
pytorch-lightning = []
pyyaml = []
requests = []
requests-oauthlib = []
rsa = []
sentry-sdk = []
setproctitle = []
setuptools = []
shortuuid = []
six = []
smmap = []
tensorboard = []
tensorboard-data-server = []
tensorboard-plugin-wit = []
torch = []
torchmetrics = []
tqdm = []
typing-extensions = []
urllib3 = []
wandb = []
werkzeug = []
wheel = []
yarl = []
zipp = []
